
Microsoft Visual Studio Solution File, Format Version 12.00
# Visual Studio 15
VisualStudioVersion = 15.0.27703.2042
MinimumVisualStudioVersion = 10.0.40219.1
Project("{FAE04EC0-301F-11D3-BF4B-00C04F79EFBC}") = "MappingExample", "MappingExample\MappingExample.csproj", "{2B0D1FF8-2AF3-4C08-8808-C9B02B0F82A5}"
EndProject
Global
	GlobalSection(SolutionConfigurationPlatforms) = preSolution
		Debug|Any CPU = Debug|Any CPU
		Release|Any CPU = Release|Any CPU
	EndGlobalSection
	GlobalSection(ProjectConfigurationPlatforms) = postSolution
		{2B0D1FF8-2AF3-4C08-8808-C9B02B0F82A5}.Debug|Any CPU.ActiveCfg = Debug|Any CPU
		{2B0D1FF8-2AF3-4C08-8808-C9B02B0F82A5}.Debug|Any CPU.Build.0 = Debug|Any CPU
		{2B0D1FF8-2AF3-4C08-8808-C9B02B0F82A5}.Release|Any CPU.ActiveCfg = Release|Any CPU
		{2B0D1FF8-2AF3-4C08-8808-C9B02B0F82A5}.Release|Any CPU.Build.0 = Release|Any CPU
	EndGlobalSection
	GlobalSection(SolutionProperties) = preSolution
		HideSolutionNode = FALSE
	EndGlobalSection
	GlobalSection(ExtensibilityGlobals) = postSolution
		SolutionGuid = {BD04F33A-2BAF-4C79-A6AD-7AB7B53078F0}
	EndGlobalSection
EndGlobal
